// !$*UTF8*$!
{
	archiveVersion = 1;
	classes = {
	};
	objectVersion = 46;
	objects = {

/* Begin PBXBuildFile section */
		DA3CF51F1DC2E84C00EBAF1B /* main.m in Sources */ = {isa = PBXBuildFile; fileRef = DA3CF51E1DC2E84C00EBAF1B /* main.m */; };
		DA3CF5221DC2E84C00EBAF1B /* AppDelegate.m in Sources */ = {isa = PBXBuildFile; fileRef = DA3CF5211DC2E84C00EBAF1B /* AppDelegate.m */; };
		DA3CF5251DC2E84D00EBAF1B /* ViewController.m in Sources */ = {isa = PBXBuildFile; fileRef = DA3CF5241DC2E84D00EBAF1B /* ViewController.m */; };
		DA3CF5281DC2E84D00EBAF1B /* Main.storyboard in Resources */ = {isa = PBXBuildFile; fileRef = DA3CF5261DC2E84D00EBAF1B /* Main.storyboard */; };
		DA3CF52B1DC2E84D00EBAF1B /* TESTGIT.xcdatamodeld in Sources */ = {isa = PBXBuildFile; fileRef = DA3CF5291DC2E84D00EBAF1B /* TESTGIT.xcdatamodeld */; };
		DA3CF52D1DC2E84D00EBAF1B /* Assets.xcassets in Resources */ = {isa = PBXBuildFile; fileRef = DA3CF52C1DC2E84D00EBAF1B /* Assets.xcassets */; };
		DA3CF5301DC2E84D00EBAF1B /* LaunchScreen.storyboard in Resources */ = {isa = PBXBuildFile; fileRef = DA3CF52E1DC2E84D00EBAF1B /* LaunchScreen.storyboard */; };
		DA3CF53B1DC2E84D00EBAF1B /* TESTGITTests.m in Sources */ = {isa = PBXBuildFile; fileRef = DA3CF53A1DC2E84D00EBAF1B /* TESTGITTests.m */; };
		DA3CF5461DC2E84D00EBAF1B /* TESTGITUITests.m in Sources */ = {isa = PBXBuildFile; fileRef = DA3CF5451DC2E84D00EBAF1B /* TESTGITUITests.m */; };
/* End PBXBuildFile section */

/* Begin PBXContainerItemProxy section */
		DA3CF5371DC2E84D00EBAF1B /* PBXContainerItemProxy */ = {
			isa = PBXContainerItemProxy;
			containerPortal = DA3CF5121DC2E84C00EBAF1B /* Project object */;
			proxyType = 1;
			remoteGlobalIDString = DA3CF5191DC2E84C00EBAF1B;
			remoteInfo = TESTGIT;
		};
		DA3CF5421DC2E84D00EBAF1B /* PBXContainerItemProxy */ = {
			isa = PBXContainerItemProxy;
			containerPortal = DA3CF5121DC2E84C00EBAF1B /* Project object */;
			proxyType = 1;
			remoteGlobalIDString = DA3CF5191DC2E84C00EBAF1B;
			remoteInfo = TESTGIT;
		};
/* End PBXContainerItemProxy section */

/* Begin PBXFileReference section */
		DA3CF51A1DC2E84C00EBAF1B /* TESTGIT.app */ = {isa = PBXFileReference; explicitFileType = wrapper.application; includeInIndex = 0; path = TESTGIT.app; sourceTree = BUILT_PRODUCTS_DIR; };
		DA3CF51E1DC2E84C00EBAF1B /* main.m */ = {isa = PBXFileReference; lastKnownFileType = sourcecode.c.objc; path = main.m; sourceTree = "<group>"; };
		DA3CF5201DC2E84C00EBAF1B /* AppDelegate.h */ = {isa = PBXFileReference; lastKnownFileType = sourcecode.c.h; path = AppDelegate.h; sourceTree = "<group>"; };
		DA3CF5211DC2E84C00EBAF1B /* AppDelegate.m */ = {isa = PBXFileReference; lastKnownFileType = sourcecode.c.objc; path = AppDelegate.m; sourceTree = "<group>"; };
		DA3CF5231DC2E84D00EBAF1B /* ViewController.h */ = {isa = PBXFileReference; lastKnownFileType = sourcecode.c.h; path = ViewController.h; sourceTree = "<group>"; };
		DA3CF5241DC2E84D00EBAF1B /* ViewController.m */ = {isa = PBXFileReference; lastKnownFileType = sourcecode.c.objc; path = ViewController.m; sourceTree = "<group>"; };
		DA3CF5271DC2E84D00EBAF1B /* Base */ = {isa = PBXFileReference; lastKnownFileType = file.storyboard; name = Base; path = Base.lproj/Main.storyboard; sourceTree = "<group>"; };
		DA3CF52A1DC2E84D00EBAF1B /* TESTGIT.xcdatamodel */ = {isa = PBXFileReference; lastKnownFileType = wrapper.xcdatamodel; path = TESTGIT.xcdatamodel; sourceTree = "<group>"; };
		DA3CF52C1DC2E84D00EBAF1B /* Assets.xcassets */ = {isa = PBXFileReference; lastKnownFileType = folder.assetcatalog; path = Assets.xcassets; sourceTree = "<group>"; };
		DA3CF52F1DC2E84D00EBAF1B /* Base */ = {isa = PBXFileReference; lastKnownFileType = file.storyboard; name = Base; path = Base.lproj/LaunchScreen.storyboard; sourceTree = "<group>"; };
		DA3CF5311DC2E84D00EBAF1B /* Info.plist */ = {isa = PBXFileReference; lastKnownFileType = text.plist.xml; path = Info.plist; sourceTree = "<group>"; };
		DA3CF5361DC2E84D00EBAF1B /* TESTGITTests.xctest */ = {isa = PBXFileReference; explicitFileType = wrapper.cfbundle; includeInIndex = 0; path = TESTGITTests.xctest; sourceTree = BUILT_PRODUCTS_DIR; };
		DA3CF53A1DC2E84D00EBAF1B /* TESTGITTests.m */ = {isa = PBXFileReference; lastKnownFileType = sourcecode.c.objc; path = TESTGITTests.m; sourceTree = "<group>"; };
		DA3CF53C1DC2E84D00EBAF1B /* Info.plist */ = {isa = PBXFileReference; lastKnownFileType = text.plist.xml; path = Info.plist; sourceTree = "<group>"; };
		DA3CF5411DC2E84D00EBAF1B /* TESTGITUITests.xctest */ = {isa = PBXFileReference; explicitFileType = wrapper.cfbundle; includeInIndex = 0; path = TESTGITUITests.xctest; sourceTree = BUILT_PRODUCTS_DIR; };
		DA3CF5451DC2E84D00EBAF1B /* TESTGITUITests.m */ = {isa = PBXFileReference; lastKnownFileType = sourcecode.c.objc; path = TESTGITUITests.m; sourceTree = "<group>"; };
		DA3CF5471DC2E84D00EBAF1B /* Info.plist */ = {isa = PBXFileReference; lastKnownFileType = text.plist.xml; path = Info.plist; sourceTree = "<group>"; };
/* End PBXFileReference section */

/* Begin PBXFrameworksBuildPhase section */
		DA3CF5171DC2E84C00EBAF1B /* Frameworks */ = {
			isa = PBXFrameworksBuildPhase;
			buildActionMask = 2147483647;
			files = (
			);
			runOnlyForDeploymentPostprocessing = 0;
		};
		DA3CF5331DC2E84D00EBAF1B /* Frameworks */ = {
			isa = PBXFrameworksBuildPhase;
			buildActionMask = 2147483647;
			files = (
			);
			runOnlyForDeploymentPostprocessing = 0;
		};
		DA3CF53E1DC2E84D00EBAF1B /* Frameworks */ = {
			isa = PBXFrameworksBuildPhase;
			buildActionMask = 2147483647;
			files = (
			);
			runOnlyForDeploymentPostprocessing = 0;
		};
/* End PBXFrameworksBuildPhase section */

/* Begin PBXGroup section */
		DA3CF5111DC2E84C00EBAF1B = {
			isa = PBXGroup;
			children = (
				DA3CF51C1DC2E84C00EBAF1B /* TESTGIT */,
				DA3CF5391DC2E84D00EBAF1B /* TESTGITTests */,
				DA3CF5441DC2E84D00EBAF1B /* TESTGITUITests */,
				DA3CF51B1DC2E84C00EBAF1B /* Products */,
			);
			sourceTree = "<group>";
		};
		DA3CF51B1DC2E84C00EBAF1B /* Products */ = {
			isa = PBXGroup;
			children = (
				DA3CF51A1DC2E84C00EBAF1B /* TESTGIT.app */,
				DA3CF5361DC2E84D00EBAF1B /* TESTGITTests.xctest */,
				DA3CF5411DC2E84D00EBAF1B /* TESTGITUITests.xctest */,
			);
			name = Products;
			sourceTree = "<group>";
		};
		DA3CF51C1DC2E84C00EBAF1B /* TESTGIT */ = {
			isa = PBXGroup;
			children = (
				DA3CF5201DC2E84C00EBAF1B /* AppDelegate.h */,
				DA3CF5211DC2E84C00EBAF1B /* AppDelegate.m */,
				DA3CF5231DC2E84D00EBAF1B /* ViewController.h */,
				DA3CF5241DC2E84D00EBAF1B /* ViewController.m */,
				DA3CF5261DC2E84D00EBAF1B /* Main.storyboard */,
				DA3CF52C1DC2E84D00EBAF1B /* Assets.xcassets */,
				DA3CF52E1DC2E84D00EBAF1B /* LaunchScreen.storyboard */,
				DA3CF5311DC2E84D00EBAF1B /* Info.plist */,
				DA3CF5291DC2E84D00EBAF1B /* TESTGIT.xcdatamodeld */,
				DA3CF51D1DC2E84C00EBAF1B /* Supporting Files */,
			);
			path = TESTGIT;
			sourceTree = "<group>";
		};
		DA3CF51D1DC2E84C00EBAF1B /* Supporting Files */ = {
			isa = PBXGroup;
			children = (
				DA3CF51E1DC2E84C00EBAF1B /* main.m */,
			);
			name = "Supporting Files";
			sourceTree = "<group>";
		};
		DA3CF5391DC2E84D00EBAF1B /* TESTGITTests */ = {
			isa = PBXGroup;
			children = (
				DA3CF53A1DC2E84D00EBAF1B /* TESTGITTests.m */,
				DA3CF53C1DC2E84D00EBAF1B /* Info.plist */,
			);
			path = TESTGITTests;
			sourceTree = "<group>";
		};
		DA3CF5441DC2E84D00EBAF1B /* TESTGITUITests */ = {
			isa = PBXGroup;
			children = (
				DA3CF5451DC2E84D00EBAF1B /* TESTGITUITests.m */,
				DA3CF5471DC2E84D00EBAF1B /* Info.plist */,
			);
			path = TESTGITUITests;
			sourceTree = "<group>";
		};
/* End PBXGroup section */

/* Begin PBXNativeTarget section */
		DA3CF5191DC2E84C00EBAF1B /* TESTGIT */ = {
			isa = PBXNativeTarget;
			buildConfigurationList = DA3CF54A1DC2E84D00EBAF1B /* Build configuration list for PBXNativeTarget "TESTGIT" */;
			buildPhases = (
				DA3CF5161DC2E84C00EBAF1B /* Sources */,
				DA3CF5171DC2E84C00EBAF1B /* Frameworks */,
				DA3CF5181DC2E84C00EBAF1B /* Resources */,
			);
			buildRules = (
			);
			dependencies = (
			);
			name = TESTGIT;
			productName = TESTGIT;
			productReference = DA3CF51A1DC2E84C00EBAF1B /* TESTGIT.app */;
			productType = "com.apple.product-type.application";
		};
		DA3CF5351DC2E84D00EBAF1B /* TESTGITTests */ = {
			isa = PBXNativeTarget;
			buildConfigurationList = DA3CF54D1DC2E84D00EBAF1B /* Build configuration list for PBXNativeTarget "TESTGITTests" */;
			buildPhases = (
				DA3CF5321DC2E84D00EBAF1B /* Sources */,
				DA3CF5331DC2E84D00EBAF1B /* Frameworks */,
				DA3CF5341DC2E84D00EBAF1B /* Resources */,
			);
			buildRules = (
			);
			dependencies = (
				DA3CF5381DC2E84D00EBAF1B /* PBXTargetDependency */,
			);
			name = TESTGITTests;
			productName = TESTGITTests;
			productReference = DA3CF5361DC2E84D00EBAF1B /* TESTGITTests.xctest */;
			productType = "com.apple.product-type.bundle.unit-test";
		};
		DA3CF5401DC2E84D00EBAF1B /* TESTGITUITests */ = {
			isa = PBXNativeTarget;
			buildConfigurationList = DA3CF5501DC2E84D00EBAF1B /* Build configuration list for PBXNativeTarget "TESTGITUITests" */;
			buildPhases = (
				DA3CF53D1DC2E84D00EBAF1B /* Sources */,
				DA3CF53E1DC2E84D00EBAF1B /* Frameworks */,
				DA3CF53F1DC2E84D00EBAF1B /* Resources */,
			);
			buildRules = (
			);
			dependencies = (
				DA3CF5431DC2E84D00EBAF1B /* PBXTargetDependency */,
			);
			name = TESTGITUITests;
			productName = TESTGITUITests;
			productReference = DA3CF5411DC2E84D00EBAF1B /* TESTGITUITests.xctest */;
			productType = "com.apple.product-type.bundle.ui-testing";
		};
/* End PBXNativeTarget section */

/* Begin PBXProject section */
		DA3CF5121DC2E84C00EBAF1B /* Project object */ = {
			isa = PBXProject;
			attributes = {
				LastUpgradeCheck = 0800;
				ORGANIZATIONNAME = CW;
				TargetAttributes = {
					DA3CF5191DC2E84C00EBAF1B = {
						CreatedOnToolsVersion = 8.0;
						DevelopmentTeam = YDW8R3BD9N;
						ProvisioningStyle = Automatic;
					};
					DA3CF5351DC2E84D00EBAF1B = {
						CreatedOnToolsVersion = 8.0;
						ProvisioningStyle = Automatic;
						TestTargetID = DA3CF5191DC2E84C00EBAF1B;
					};
					DA3CF5401DC2E84D00EBAF1B = {
						CreatedOnToolsVersion = 8.0;
						ProvisioningStyle = Automatic;
						TestTargetID = DA3CF5191DC2E84C00EBAF1B;
					};
				};
			};
			buildConfigurationList = DA3CF5151DC2E84C00EBAF1B /* Build configuration list for PBXProject "TESTGIT" */;
			compatibilityVersion = "Xcode 3.2";
			developmentRegion = English;
			hasScannedForEncodings = 0;
			knownRegions = (
				en,
				Base,
			);
			mainGroup = DA3CF5111DC2E84C00EBAF1B;
			productRefGroup = DA3CF51B1DC2E84C00EBAF1B /* Products */;
			projectDirPath = "";
			projectRoot = "";
			targets = (
				DA3CF5191DC2E84C00EBAF1B /* TESTGIT */,
				DA3CF5351DC2E84D00EBAF1B /* TESTGITTests */,
				DA3CF5401DC2E84D00EBAF1B /* TESTGITUITests */,
			);
		};
/* End PBXProject section */

/* Begin PBXResourcesBuildPhase section */
		DA3CF5181DC2E84C00EBAF1B /* Resources */ = {
			isa = PBXResourcesBuildPhase;
			buildActionMask = 2147483647;
			files = (
				DA3CF5301DC2E84D00EBAF1B /* LaunchScreen.storyboard in Resources */,
				DA3CF52D1DC2E84D00EBAF1B /* Assets.xcassets in Resources */,
				DA3CF5281DC2E84D00EBAF1B /* Main.storyboard in Resources */,
			);
			runOnlyForDeploymentPostprocessing = 0;
		};
		DA3CF5341DC2E84D00EBAF1B /* Resources */ = {
			isa = PBXResourcesBuildPhase;
			buildActionMask = 2147483647;
			files = (
			);
			runOnlyForDeploymentPostprocessing = 0;
		};
		DA3CF53F1DC2E84D00EBAF1B /* Resources */ = {
			isa = PBXResourcesBuildPhase;
			buildActionMask = 2147483647;
			files = (
			);
			runOnlyForDeploymentPostprocessing = 0;
		};
/* End PBXResourcesBuildPhase section */

/* Begin PBXSourcesBuildPhase section */
		DA3CF5161DC2E84C00EBAF1B /* Sources */ = {
			isa = PBXSourcesBuildPhase;
			buildActionMask = 2147483647;
			files = (
				DA3CF52B1DC2E84D00EBAF1B /* TESTGIT.xcdatamodeld in Sources */,
				DA3CF5251DC2E84D00EBAF1B /* ViewController.m in Sources */,
				DA3CF5221DC2E84C00EBAF1B /* AppDelegate.m in Sources */,
				DA3CF51F1DC2E84C00EBAF1B /* main.m in Sources */,
			);
			runOnlyForDeploymentPostprocessing = 0;
		};
		DA3CF5321DC2E84D00EBAF1B /* Sources */ = {
			isa = PBXSourcesBuildPhase;
			buildActionMask = 2147483647;
			files = (
				DA3CF53B1DC2E84D00EBAF1B /* TESTGITTests.m in Sources */,
			);
			runOnlyForDeploymentPostprocessing = 0;
		};
		DA3CF53D1DC2E84D00EBAF1B /* Sources */ = {
			isa = PBXSourcesBuildPhase;
			buildActionMask = 2147483647;
			files = (
				DA3CF5461DC2E84D00EBAF1B /* TESTGITUITests.m in Sources */,
			);
			runOnlyForDeploymentPostprocessing = 0;
		};
/* End PBXSourcesBuildPhase section */

/* Begin PBXTargetDependency section */
		DA3CF5381DC2E84D00EBAF1B /* PBXTargetDependency */ = {
			isa = PBXTargetDependency;
			target = DA3CF5191DC2E84C00EBAF1B /* TESTGIT */;
			targetProxy = DA3CF5371DC2E84D00EBAF1B /* PBXContainerItemProxy */;
		};
		DA3CF5431DC2E84D00EBAF1B /* PBXTargetDependency */ = {
			isa = PBXTargetDependency;
			target = DA3CF5191DC2E84C00EBAF1B /* TESTGIT */;
			targetProxy = DA3CF5421DC2E84D00EBAF1B /* PBXContainerItemProxy */;
		};
/* End PBXTargetDependency section */

/* Begin PBXVariantGroup section */
		DA3CF5261DC2E84D00EBAF1B /* Main.storyboard */ = {
			isa = PBXVariantGroup;
			children = (
				DA3CF5271DC2E84D00EBAF1B /* Base */,
			);
			name = Main.storyboard;
			sourceTree = "<group>";
		};
		DA3CF52E1DC2E84D00EBAF1B /* LaunchScreen.storyboard */ = {
			isa = PBXVariantGroup;
			children = (
				DA3CF52F1DC2E84D00EBAF1B /* Base */,
			);
			name = LaunchScreen.storyboard;
			sourceTree = "<group>";
		};
/* End PBXVariantGroup section */

/* Begin XCBuildConfiguration section */
		DA3CF5481DC2E84D00EBAF1B /* Debug */ = {
			isa = XCBuildConfiguration;
			buildSettings = {
				ALWAYS_SEARCH_USER_PATHS = NO;
				CLANG_ANALYZER_NONNULL = YES;
				CLANG_CXX_LANGUAGE_STANDARD = "gnu++0x";
				CLANG_CXX_LIBRARY = "libc++";
				CLANG_ENABLE_MODULES = YES;
				CLANG_ENABLE_OBJC_ARC = YES;
				CLANG_WARN_BOOL_CONVERSION = YES;
				CLANG_WARN_CONSTANT_CONVERSION = YES;
				CLANG_WARN_DIRECT_OBJC_ISA_USAGE = YES_ERROR;
				CLANG_WARN_DOCUMENTATION_COMMENTS = YES;
				CLANG_WARN_EMPTY_BODY = YES;
				CLANG_WARN_ENUM_CONVERSION = YES;
				CLANG_WARN_INFINITE_RECURSION = YES;
				CLANG_WARN_INT_CONVERSION = YES;
				CLANG_WARN_OBJC_ROOT_CLASS = YES_ERROR;
				CLANG_WARN_SUSPICIOUS_MOVES = YES;
				CLANG_WARN_UNREACHABLE_CODE = YES;
				CLANG_WARN__DUPLICATE_METHOD_MATCH = YES;
				"CODE_SIGN_IDENTITY[sdk=iphoneos*]" = "iPhone Developer";
				COPY_PHASE_STRIP = NO;
				DEBUG_INFORMATION_FORMAT = dwarf;
				ENABLE_STRICT_OBJC_MSGSEND = YES;
				ENABLE_TESTABILITY = YES;
				GCC_C_LANGUAGE_STANDARD = gnu99;
				GCC_DYNAMIC_NO_PIC = NO;
				GCC_NO_COMMON_BLOCKS = YES;
				GCC_OPTIMIZATION_LEVEL = 0;
				GCC_PREPROCESSOR_DEFINITIONS = (
					"DEBUG=1",
					"$(inherited)",
				);
				GCC_WARN_64_TO_32_BIT_CONVERSION = YES;
				GCC_WARN_ABOUT_RETURN_TYPE = YES_ERROR;
				GCC_WARN_UNDECLARED_SELECTOR = YES;
				GCC_WARN_UNINITIALIZED_AUTOS = YES_AGGRESSIVE;
				GCC_WARN_UNUSED_FUNCTION = YES;
				GCC_WARN_UNUSED_VARIABLE = YES;
				IPHONEOS_DEPLOYMENT_TARGET = 10.0;
				MTL_ENABLE_DEBUG_INFO = YES;
				ONLY_ACTIVE_ARCH = YES;
				SDKROOT = iphoneos;
			};
			name = Debug;
		};
		DA3CF5491DC2E84D00EBAF1B /* Release */ = {
			isa = XCBuildConfiguration;
			buildSettings = {
				ALWAYS_SEARCH_USER_PATHS = NO;
				CLANG_ANALYZER_NONNULL = YES;
				CLANG_CXX_LANGUAGE_STANDARD = "gnu++0x";
				CLANG_CXX_LIBRARY = "libc++";
				CLANG_ENABLE_MODULES = YES;
				CLANG_ENABLE_OBJC_ARC = YES;
				CLANG_WARN_BOOL_CONVERSION = YES;
				CLANG_WARN_CONSTANT_CONVERSION = YES;
				CLANG_WARN_DIRECT_OBJC_ISA_USAGE = YES_ERROR;
				CLANG_WARN_DOCUMENTATION_COMMENTS = YES;
				CLANG_WARN_EMPTY_BODY = YES;
				CLANG_WARN_ENUM_CONVERSION = YES;
				CLANG_WARN_INFINITE_RECURSION = YES;
				CLANG_WARN_INT_CONVERSION = YES;
				CLANG_WARN_OBJC_ROOT_CLASS = YES_ERROR;
				CLANG_WARN_SUSPICIOUS_MOVES = YES;
				CLANG_WARN_UNREACHABLE_CODE = YES;
				CLANG_WARN__DUPLICATE_METHOD_MATCH = YES;
				"CODE_SIGN_IDENTITY[sdk=iphoneos*]" = "iPhone Developer";
				COPY_PHASE_STRIP = NO;
				DEBUG_INFORMATION_FORMAT = "dwarf-with-dsym";
				ENABLE_NS_ASSERTIONS = NO;
				ENABLE_STRICT_OBJC_MSGSEND = YES;
				GCC_C_LANGUAGE_STANDARD = gnu99;
				GCC_NO_COMMON_BLOCKS = YES;
				GCC_WARN_64_TO_32_BIT_CONVERSION = YES;
				GCC_WARN_ABOUT_RETURN_TYPE = YES_ERROR;
				GCC_WARN_UNDECLARED_SELECTOR = YES;
				GCC_WARN_UNINITIALIZED_AUTOS = YES_AGGRESSIVE;
				GCC_WARN_UNUSED_FUNCTION = YES;
				GCC_WARN_UNUSED_VARIABLE = YES;
				IPHONEOS_DEPLOYMENT_TARGET = 10.0;
				MTL_ENABLE_DEBUG_INFO = NO;
				SDKROOT = iphoneos;
				VALIDATE_PRODUCT = YES;
			};
			name = Release;
		};
		DA3CF54B1DC2E84D00EBAF1B /* Debug */ = {
			isa = XCBuildConfiguration;
			buildSettings = {
				ASSETCATALOG_COMPILER_APPICON_NAME = AppIcon;
				DEVELOPMENT_TEAM = YDW8R3BD9N;
				INFOPLIST_FILE = TESTGIT/Info.plist;
				LD_RUNPATH_SEARCH_PATHS = "$(inherited) @executable_path/Frameworks";
				PRODUCT_BUNDLE_IDENTIFIER = CW.TESTGIT;
				PRODUCT_NAME = "$(TARGET_NAME)";
			};
			name = Debug;
		};
		DA3CF54C1DC2E84D00EBAF1B /* Release */ = {
			isa = XCBuildConfiguration;
			buildSettings = {
				ASSETCATALOG_COMPILER_APPICON_NAME = AppIcon;
				DEVELOPMENT_TEAM = YDW8R3BD9N;
				INFOPLIST_FILE = TESTGIT/Info.plist;
				LD_RUNPATH_SEARCH_PATHS = "$(inherited) @executable_path/Frameworks";
				PRODUCT_BUNDLE_IDENTIFIER = CW.TESTGIT;
				PRODUCT_NAME = "$(TARGET_NAME)";
			};
			name = Release;
		};
		DA3CF54E1DC2E84D00EBAF1B /* Debug */ = {
			isa = XCBuildConfiguration;
			buildSettings = {
				BUNDLE_LOADER = "$(TEST_HOST)";
				INFOPLIST_FILE = TESTGITTests/Info.plist;
				LD_RUNPATH_SEARCH_PATHS = "$(inherited) @executable_path/Frameworks @loader_path/Frameworks";
				PRODUCT_BUNDLE_IDENTIFIER = CW.TESTGITTests;
				PRODUCT_NAME = "$(TARGET_NAME)";
				TEST_HOST = "$(BUILT_PRODUCTS_DIR)/TESTGIT.app/TESTGIT";
			};
			name = Debug;
		};
		DA3CF54F1DC2E84D00EBAF1B /* Release */ = {
			isa = XCBuildConfiguration;
			buildSettings = {
				BUNDLE_LOADER = "$(TEST_HOST)";
				INFOPLIST_FILE = TESTGITTests/Info.plist;
				LD_RUNPATH_SEARCH_PATHS = "$(inherited) @executable_path/Frameworks @loader_path/Frameworks";
				PRODUCT_BUNDLE_IDENTIFIER = CW.TESTGITTests;
				PRODUCT_NAME = "$(TARGET_NAME)";
				TEST_HOST = "$(BUILT_PRODUCTS_DIR)/TESTGIT.app/TESTGIT";
			};
			name = Release;
		};
		DA3CF5511DC2E84D00EBAF1B /* Debug */ = {
			isa = XCBuildConfiguration;
			buildSettings = {
				INFOPLIST_FILE = TESTGITUITests/Info.plist;
				LD_RUNPATH_SEARCH_PATHS = "$(inherited) @executable_path/Frameworks @loader_path/Frameworks";
				PRODUCT_BUNDLE_IDENTIFIER = CW.TESTGITUITests;
				PRODUCT_NAME = "$(TARGET_NAME)";
				TEST_TARGET_NAME = TESTGIT;
			};
			name = Debug;
		};
		DA3CF5521DC2E84D00EBAF1B /* Release */ = {
			isa = XCBuildConfiguration;
			buildSettings = {
				INFOPLIST_FILE = TESTGITUITests/Info.plist;
				LD_RUNPATH_SEARCH_PATHS = "$(inherited) @executable_path/Frameworks @loader_path/Frameworks";
				PRODUCT_BUNDLE_IDENTIFIER = CW.TESTGITUITests;
				PRODUCT_NAME = "$(TARGET_NAME)";
				TEST_TARGET_NAME = TESTGIT;
			};
			name = Release;
		};
/* End XCBuildConfiguration section */

/* Begin XCConfigurationList section */
		DA3CF5151DC2E84C00EBAF1B /* Build configuration list for PBXProject "TESTGIT" */ = {
			isa = XCConfigurationList;
			buildConfigurations = (
				DA3CF5481DC2E84D00EBAF1B /* Debug */,
				DA3CF5491DC2E84D00EBAF1B /* Release */,
			);
			defaultConfigurationIsVisible = 0;
			defaultConfigurationName = Release;
		};
		DA3CF54A1DC2E84D00EBAF1B /* Build configuration list for PBXNativeTarget "TESTGIT" */ = {
			isa = XCConfigurationList;
			buildConfigurations = (
				DA3CF54B1DC2E84D00EBAF1B /* Debug */,
				DA3CF54C1DC2E84D00EBAF1B /* Release */,
			);
			defaultConfigurationIsVisible = 0;
		};
		DA3CF54D1DC2E84D00EBAF1B /* Build configuration list for PBXNativeTarget "TESTGITTests" */ = {
			isa = XCConfigurationList;
			buildConfigurations = (
				DA3CF54E1DC2E84D00EBAF1B /* Debug */,
				DA3CF54F1DC2E84D00EBAF1B /* Release */,
			);
			defaultConfigurationIsVisible = 0;
		};
		DA3CF5501DC2E84D00EBAF1B /* Build configuration list for PBXNativeTarget "TESTGITUITests" */ = {
			isa = XCConfigurationList;
			buildConfigurations = (
				DA3CF5511DC2E84D00EBAF1B /* Debug */,
				DA3CF5521DC2E84D00EBAF1B /* Release */,
			);
			defaultConfigurationIsVisible = 0;
		};
/* End XCConfigurationList section */

/* Begin XCVersionGroup section */
		DA3CF5291DC2E84D00EBAF1B /* TESTGIT.xcdatamodeld */ = {
			isa = XCVersionGroup;
			children = (
				DA3CF52A1DC2E84D00EBAF1B /* TESTGIT.xcdatamodel */,
			);
			currentVersion = DA3CF52A1DC2E84D00EBAF1B /* TESTGIT.xcdatamodel */;
			path = TESTGIT.xcdatamodeld;
			sourceTree = "<group>";
			versionGroupType = wrapper.xcdatamodel;
		};
/* End XCVersionGroup section */
	};
	rootObject = DA3CF5121DC2E84C00EBAF1B /* Project object */;
}
